# This file is automatically @generated by Cargo.
# It is not intended for manual editing.
version = 4

[[package]]
name = "hid-usage-tables"
version = "0.1.0"
dependencies = [
 "hidder-core",
]

[[package]]
name = "hidder"
version = "0.1.0"
dependencies = [
 "hid-usage-tables",
 "hidder-core",
 "hidder-macros",
 "hidder-parser",
]

[[package]]
name = "hidder-core"
version = "0.1.0"

[[package]]
name = "hidder-dsl"
version = "0.1.0"
dependencies = [
 "hid-usage-tables",
 "hidder-core",
]

[[package]]
name = "hidder-macros"
version = "0.1.0"
dependencies = [
 "hidder-dsl",
]

[[package]]
name = "hidder-parser"
version = "0.1.0"
dependencies = [
 "hid-usage-tables",
 "hidder-core",
]

[[package]]
name = "xtask"
version = "0.1.0"
